
Microsoft Visual Studio Solution File, Format Version 12.00
# Visual Studio Version 16
VisualStudioVersion = 16.0.30413.136
MinimumVisualStudioVersion = 10.0.40219.1
Project("{FAE04EC0-301F-11D3-BF4B-00C04F79EFBC}") = "BDDSpecflowNetCore", "BDDSpecflowNetCore\BDDSpecflowNetCore.csproj", "{52EFA0C1-611F-4012-91C2-6C4F59B3314B}"
EndProject
Global
	GlobalSection(SolutionConfigurationPlatforms) = preSolution
		Debug|Any CPU = Debug|Any CPU
		Release|Any CPU = Release|Any CPU
	EndGlobalSection
	GlobalSection(ProjectConfigurationPlatforms) = postSolution
		{52EFA0C1-611F-4012-91C2-6C4F59B3314B}.Debug|Any CPU.ActiveCfg = Debug|Any CPU
		{52EFA0C1-611F-4012-91C2-6C4F59B3314B}.Debug|Any CPU.Build.0 = Debug|Any CPU
		{52EFA0C1-611F-4012-91C2-6C4F59B3314B}.Release|Any CPU.ActiveCfg = Release|Any CPU
		{52EFA0C1-611F-4012-91C2-6C4F59B3314B}.Release|Any CPU.Build.0 = Release|Any CPU
	EndGlobalSection
	GlobalSection(SolutionProperties) = preSolution
		HideSolutionNode = FALSE
	EndGlobalSection
	GlobalSection(ExtensibilityGlobals) = postSolution
		SolutionGuid = {9989D329-EA25-4177-93EB-4ED62DDF0283}
	EndGlobalSection
EndGlobal
